// !$*UTF8*$!
{
	archiveVersion = 1;
	classes = {
	};
	objectVersion = 52;
	objects = {

/* Begin PBXBuildFile section */
		7CC13F1A254F0F5B00A49FFA /* DailyCovidApp.swift in Sources */ = {isa = PBXBuildFile; fileRef = 7CC13F19254F0F5B00A49FFA /* DailyCovidApp.swift */; };
		7CC13F1C254F0F5B00A49FFA /* ContentView.swift in Sources */ = {isa = PBXBuildFile; fileRef = 7CC13F1B254F0F5B00A49FFA /* ContentView.swift */; };
		7CC13F1E254F0F5D00A49FFA /* Assets.xcassets in Resources */ = {isa = PBXBuildFile; fileRef = 7CC13F1D254F0F5D00A49FFA /* Assets.xcassets */; };
		7CC13F21254F0F5D00A49FFA /* Preview Assets.xcassets in Resources */ = {isa = PBXBuildFile; fileRef = 7CC13F20254F0F5D00A49FFA /* Preview Assets.xcassets */; };
		7CC13F30254F103B00A49FFA /* WidgetKit.framework in Frameworks */ = {isa = PBXBuildFile; fileRef = 7CC13F2F254F103B00A49FFA /* WidgetKit.framework */; };
		7CC13F32254F103B00A49FFA /* SwiftUI.framework in Frameworks */ = {isa = PBXBuildFile; fileRef = 7CC13F31254F103B00A49FFA /* SwiftUI.framework */; };
		7CC13F35254F103B00A49FFA /* Widget.swift in Sources */ = {isa = PBXBuildFile; fileRef = 7CC13F34254F103B00A49FFA /* Widget.swift */; };
		7CC13F38254F103C00A49FFA /* Assets.xcassets in Resources */ = {isa = PBXBuildFile; fileRef = 7CC13F37254F103C00A49FFA /* Assets.xcassets */; };
		7CC13F3A254F103C00A49FFA /* Widget.intentdefinition in Sources */ = {isa = PBXBuildFile; fileRef = 7CC13F36254F103B00A49FFA /* Widget.intentdefinition */; };
		7CC13F3B254F103C00A49FFA /* Widget.intentdefinition in Sources */ = {isa = PBXBuildFile; fileRef = 7CC13F36254F103B00A49FFA /* Widget.intentdefinition */; };
		7CC13F3E254F103C00A49FFA /* WidgetExtension.appex in Embed App Extensions */ = {isa = PBXBuildFile; fileRef = 7CC13F2D254F103B00A49FFA /* WidgetExtension.appex */; settings = {ATTRIBUTES = (RemoveHeadersOnCopy, ); }; };
		7CC13F46254F12AC00A49FFA /* CovidData.swift in Sources */ = {isa = PBXBuildFile; fileRef = 7CC13F45254F12AC00A49FFA /* CovidData.swift */; };
		7CC13F4A254F262200A49FFA /* CovidDataFetcher.swift in Sources */ = {isa = PBXBuildFile; fileRef = 7CC13F49254F262200A49FFA /* CovidDataFetcher.swift */; };
		7CC13F4F254F29D600A49FFA /* Charts in Frameworks */ = {isa = PBXBuildFile; productRef = 7CC13F4E254F29D600A49FFA /* Charts */; };
		7CC13F52254F2A8000A49FFA /* CovidData.swift in Sources */ = {isa = PBXBuildFile; fileRef = 7CC13F45254F12AC00A49FFA /* CovidData.swift */; };
		7CC13F53254F2A8000A49FFA /* CovidDataFetcher.swift in Sources */ = {isa = PBXBuildFile; fileRef = 7CC13F49254F262200A49FFA /* CovidDataFetcher.swift */; };
/* End PBXBuildFile section */

/* Begin PBXContainerItemProxy section */
		7CC13F3C254F103C00A49FFA /* PBXContainerItemProxy */ = {
			isa = PBXContainerItemProxy;
			containerPortal = 7CC13F0E254F0F5B00A49FFA /* Project object */;
			proxyType = 1;
			remoteGlobalIDString = 7CC13F2C254F103B00A49FFA;
			remoteInfo = WidgetExtension;
		};
/* End PBXContainerItemProxy section */

/* Begin PBXCopyFilesBuildPhase section */
		7CC13F42254F103C00A49FFA /* Embed App Extensions */ = {
			isa = PBXCopyFilesBuildPhase;
			buildActionMask = 2147483647;
			dstPath = "";
			dstSubfolderSpec = 13;
			files = (
				7CC13F3E254F103C00A49FFA /* WidgetExtension.appex in Embed App Extensions */,
			);
			name = "Embed App Extensions";
			runOnlyForDeploymentPostprocessing = 0;
		};
/* End PBXCopyFilesBuildPhase section */

/* Begin PBXFileReference section */
		7CC13F16254F0F5B00A49FFA /* DailyCovid.app */ = {isa = PBXFileReference; explicitFileType = wrapper.application; includeInIndex = 0; path = DailyCovid.app; sourceTree = BUILT_PRODUCTS_DIR; };
		7CC13F19254F0F5B00A49FFA /* DailyCovidApp.swift */ = {isa = PBXFileReference; lastKnownFileType = sourcecode.swift; path = DailyCovidApp.swift; sourceTree = "<group>"; };
		7CC13F1B254F0F5B00A49FFA /* ContentView.swift */ = {isa = PBXFileReference; lastKnownFileType = sourcecode.swift; path = ContentView.swift; sourceTree = "<group>"; };
		7CC13F1D254F0F5D00A49FFA /* Assets.xcassets */ = {isa = PBXFileReference; lastKnownFileType = folder.assetcatalog; path = Assets.xcassets; sourceTree = "<group>"; };
		7CC13F20254F0F5D00A49FFA /* Preview Assets.xcassets */ = {isa = PBXFileReference; lastKnownFileType = folder.assetcatalog; path = "Preview Assets.xcassets"; sourceTree = "<group>"; };
		7CC13F22254F0F5D00A49FFA /* Info.plist */ = {isa = PBXFileReference; lastKnownFileType = text.plist.xml; path = Info.plist; sourceTree = "<group>"; };
		7CC13F2D254F103B00A49FFA /* WidgetExtension.appex */ = {isa = PBXFileReference; explicitFileType = "wrapper.app-extension"; includeInIndex = 0; path = WidgetExtension.appex; sourceTree = BUILT_PRODUCTS_DIR; };
		7CC13F2F254F103B00A49FFA /* WidgetKit.framework */ = {isa = PBXFileReference; lastKnownFileType = wrapper.framework; name = WidgetKit.framework; path = System/Library/Frameworks/WidgetKit.framework; sourceTree = SDKROOT; };
		7CC13F31254F103B00A49FFA /* SwiftUI.framework */ = {isa = PBXFileReference; lastKnownFileType = wrapper.framework; name = SwiftUI.framework; path = System/Library/Frameworks/SwiftUI.framework; sourceTree = SDKROOT; };
		7CC13F34254F103B00A49FFA /* Widget.swift */ = {isa = PBXFileReference; lastKnownFileType = sourcecode.swift; path = Widget.swift; sourceTree = "<group>"; };
		7CC13F36254F103B00A49FFA /* Widget.intentdefinition */ = {isa = PBXFileReference; lastKnownFileType = file.intentdefinition; path = Widget.intentdefinition; sourceTree = "<group>"; };
		7CC13F37254F103C00A49FFA /* Assets.xcassets */ = {isa = PBXFileReference; lastKnownFileType = folder.assetcatalog; path = Assets.xcassets; sourceTree = "<group>"; };
		7CC13F39254F103C00A49FFA /* Info.plist */ = {isa = PBXFileReference; lastKnownFileType = text.plist.xml; path = Info.plist; sourceTree = "<group>"; };
		7CC13F45254F12AC00A49FFA /* CovidData.swift */ = {isa = PBXFileReference; lastKnownFileType = sourcecode.swift; path = CovidData.swift; sourceTree = "<group>"; };
		7CC13F49254F262200A49FFA /* CovidDataFetcher.swift */ = {isa = PBXFileReference; lastKnownFileType = sourcecode.swift; path = CovidDataFetcher.swift; sourceTree = "<group>"; };
/* End PBXFileReference section */

/* Begin PBXFrameworksBuildPhase section */
		7CC13F13254F0F5B00A49FFA /* Frameworks */ = {
			isa = PBXFrameworksBuildPhase;
			buildActionMask = 2147483647;
			files = (
			);
			runOnlyForDeploymentPostprocessing = 0;
		};
		7CC13F2A254F103B00A49FFA /* Frameworks */ = {
			isa = PBXFrameworksBuildPhase;
			buildActionMask = 2147483647;
			files = (
				7CC13F32254F103B00A49FFA /* SwiftUI.framework in Frameworks */,
				7CC13F4F254F29D600A49FFA /* Charts in Frameworks */,
				7CC13F30254F103B00A49FFA /* WidgetKit.framework in Frameworks */,
			);
			runOnlyForDeploymentPostprocessing = 0;
		};
/* End PBXFrameworksBuildPhase section */

/* Begin PBXGroup section */
		7CC13F0D254F0F5B00A49FFA = {
			isa = PBXGroup;
			children = (
				7CC13F18254F0F5B00A49FFA /* DailyCovid */,
				7CC13F33254F103B00A49FFA /* Widget */,
				7CC13F2E254F103B00A49FFA /* Frameworks */,
				7CC13F17254F0F5B00A49FFA /* Products */,
			);
			sourceTree = "<group>";
		};
		7CC13F17254F0F5B00A49FFA /* Products */ = {
			isa = PBXGroup;
			children = (
				7CC13F16254F0F5B00A49FFA /* DailyCovid.app */,
				7CC13F2D254F103B00A49FFA /* WidgetExtension.appex */,
			);
			name = Products;
			sourceTree = "<group>";
		};
		7CC13F18254F0F5B00A49FFA /* DailyCovid */ = {
			isa = PBXGroup;
			children = (
				7CC13F19254F0F5B00A49FFA /* DailyCovidApp.swift */,
				7CC13F1B254F0F5B00A49FFA /* ContentView.swift */,
				7CC13F1D254F0F5D00A49FFA /* Assets.xcassets */,
				7CC13F22254F0F5D00A49FFA /* Info.plist */,
				7CC13F1F254F0F5D00A49FFA /* Preview Content */,
				7CC13F45254F12AC00A49FFA /* CovidData.swift */,
				7CC13F49254F262200A49FFA /* CovidDataFetcher.swift */,
			);
			path = DailyCovid;
			sourceTree = "<group>";
		};
		7CC13F1F254F0F5D00A49FFA /* Preview Content */ = {
			isa = PBXGroup;
			children = (
				7CC13F20254F0F5D00A49FFA /* Preview Assets.xcassets */,
			);
			path = "Preview Content";
			sourceTree = "<group>";
		};
		7CC13F2E254F103B00A49FFA /* Frameworks */ = {
			isa = PBXGroup;
			children = (
				7CC13F2F254F103B00A49FFA /* WidgetKit.framework */,
				7CC13F31254F103B00A49FFA /* SwiftUI.framework */,
			);
			name = Frameworks;
			sourceTree = "<group>";
		};
		7CC13F33254F103B00A49FFA /* Widget */ = {
			isa = PBXGroup;
			children = (
				7CC13F34254F103B00A49FFA /* Widget.swift */,
				7CC13F36254F103B00A49FFA /* Widget.intentdefinition */,
				7CC13F37254F103C00A49FFA /* Assets.xcassets */,
				7CC13F39254F103C00A49FFA /* Info.plist */,
			);
			path = Widget;
			sourceTree = "<group>";
		};
/* End PBXGroup section */

/* Begin PBXNativeTarget section */
		7CC13F15254F0F5B00A49FFA /* DailyCovid */ = {
			isa = PBXNativeTarget;
			buildConfigurationList = 7CC13F25254F0F5D00A49FFA /* Build configuration list for PBXNativeTarget "DailyCovid" */;
			buildPhases = (
				7CC13F12254F0F5B00A49FFA /* Sources */,
				7CC13F13254F0F5B00A49FFA /* Frameworks */,
				7CC13F14254F0F5B00A49FFA /* Resources */,
				7CC13F42254F103C00A49FFA /* Embed App Extensions */,
			);
			buildRules = (
			);
			dependencies = (
				7CC13F3D254F103C00A49FFA /* PBXTargetDependency */,
			);
			name = DailyCovid;
			productName = DailyCovid;
			productReference = 7CC13F16254F0F5B00A49FFA /* DailyCovid.app */;
			productType = "com.apple.product-type.application";
		};
		7CC13F2C254F103B00A49FFA /* WidgetExtension */ = {
			isa = PBXNativeTarget;
			buildConfigurationList = 7CC13F3F254F103C00A49FFA /* Build configuration list for PBXNativeTarget "WidgetExtension" */;
			buildPhases = (
				7CC13F29254F103B00A49FFA /* Sources */,
				7CC13F2A254F103B00A49FFA /* Frameworks */,
				7CC13F2B254F103B00A49FFA /* Resources */,
			);
			buildRules = (
			);
			dependencies = (
			);
			name = WidgetExtension;
			packageProductDependencies = (
				7CC13F4E254F29D600A49FFA /* Charts */,
			);
			productName = WidgetExtension;
			productReference = 7CC13F2D254F103B00A49FFA /* WidgetExtension.appex */;
			productType = "com.apple.product-type.app-extension";
		};
/* End PBXNativeTarget section */

/* Begin PBXProject section */
		7CC13F0E254F0F5B00A49FFA /* Project object */ = {
			isa = PBXProject;
			attributes = {
				LastSwiftUpdateCheck = 1210;
				LastUpgradeCheck = 1210;
				TargetAttributes = {
					7CC13F15254F0F5B00A49FFA = {
						CreatedOnToolsVersion = 12.1.1;
					};
					7CC13F2C254F103B00A49FFA = {
						CreatedOnToolsVersion = 12.1.1;
					};
				};
			};
			buildConfigurationList = 7CC13F11254F0F5B00A49FFA /* Build configuration list for PBXProject "DailyCovid" */;
			compatibilityVersion = "Xcode 9.3";
			developmentRegion = en;
			hasScannedForEncodings = 0;
			knownRegions = (
				en,
				Base,
			);
			mainGroup = 7CC13F0D254F0F5B00A49FFA;
			packageReferences = (
				7CC13F4D254F29D600A49FFA /* XCRemoteSwiftPackageReference "swiftui-charts" */,
			);
			productRefGroup = 7CC13F17254F0F5B00A49FFA /* Products */;
			projectDirPath = "";
			projectRoot = "";
			targets = (
				7CC13F15254F0F5B00A49FFA /* DailyCovid */,
				7CC13F2C254F103B00A49FFA /* WidgetExtension */,
			);
		};
/* End PBXProject section */

/* Begin PBXResourcesBuildPhase section */
		7CC13F14254F0F5B00A49FFA /* Resources */ = {
			isa = PBXResourcesBuildPhase;
			buildActionMask = 2147483647;
			files = (
				7CC13F21254F0F5D00A49FFA /* Preview Assets.xcassets in Resources */,
				7CC13F1E254F0F5D00A49FFA /* Assets.xcassets in Resources */,
			);
			runOnlyForDeploymentPostprocessing = 0;
		};
		7CC13F2B254F103B00A49FFA /* Resources */ = {
			isa = PBXResourcesBuildPhase;
			buildActionMask = 2147483647;
			files = (
				7CC13F38254F103C00A49FFA /* Assets.xcassets in Resources */,
			);
			runOnlyForDeploymentPostprocessing = 0;
		};
/* End PBXResourcesBuildPhase section */

/* Begin PBXSourcesBuildPhase section */
		7CC13F12254F0F5B00A49FFA /* Sources */ = {
			isa = PBXSourcesBuildPhase;
			buildActionMask = 2147483647;
			files = (
				7CC13F1C254F0F5B00A49FFA /* ContentView.swift in Sources */,
				7CC13F46254F12AC00A49FFA /* CovidData.swift in Sources */,
				7CC13F4A254F262200A49FFA /* CovidDataFetcher.swift in Sources */,
				7CC13F1A254F0F5B00A49FFA /* DailyCovidApp.swift in Sources */,
				7CC13F3B254F103C00A49FFA /* Widget.intentdefinition in Sources */,
			);
			runOnlyForDeploymentPostprocessing = 0;
		};
		7CC13F29254F103B00A49FFA /* Sources */ = {
			isa = PBXSourcesBuildPhase;
			buildActionMask = 2147483647;
			files = (
				7CC13F52254F2A8000A49FFA /* CovidData.swift in Sources */,
				7CC13F53254F2A8000A49FFA /* CovidDataFetcher.swift in Sources */,
				7CC13F3A254F103C00A49FFA /* Widget.intentdefinition in Sources */,
				7CC13F35254F103B00A49FFA /* Widget.swift in Sources */,
			);
			runOnlyForDeploymentPostprocessing = 0;
		};
/* End PBXSourcesBuildPhase section */

/* Begin PBXTargetDependency section */
		7CC13F3D254F103C00A49FFA /* PBXTargetDependency */ = {
			isa = PBXTargetDependency;
			target = 7CC13F2C254F103B00A49FFA /* WidgetExtension */;
			targetProxy = 7CC13F3C254F103C00A49FFA /* PBXContainerItemProxy */;
		};
/* End PBXTargetDependency section */

/* Begin XCBuildConfiguration section */
		7CC13F23254F0F5D00A49FFA /* Debug */ = {
			isa = XCBuildConfiguration;
			buildSettings = {
				ALWAYS_SEARCH_USER_PATHS = NO;
				CLANG_ANALYZER_NONNULL = YES;
				CLANG_ANALYZER_NUMBER_OBJECT_CONVERSION = YES_AGGRESSIVE;
				CLANG_CXX_LANGUAGE_STANDARD = "gnu++14";
				CLANG_CXX_LIBRARY = "libc++";
				CLANG_ENABLE_MODULES = YES;
				CLANG_ENABLE_OBJC_ARC = YES;
				CLANG_ENABLE_OBJC_WEAK = YES;
				CLANG_WARN_BLOCK_CAPTURE_AUTORELEASING = YES;
				CLANG_WARN_BOOL_CONVERSION = YES;
				CLANG_WARN_COMMA = YES;
				CLANG_WARN_CONSTANT_CONVERSION = YES;
				CLANG_WARN_DEPRECATED_OBJC_IMPLEMENTATIONS = YES;
				CLANG_WARN_DIRECT_OBJC_ISA_USAGE = YES_ERROR;
				CLANG_WARN_DOCUMENTATION_COMMENTS = YES;
				CLANG_WARN_EMPTY_BODY = YES;
				CLANG_WARN_ENUM_CONVERSION = YES;
				CLANG_WARN_INFINITE_RECURSION = YES;
				CLANG_WARN_INT_CONVERSION = YES;
				CLANG_WARN_NON_LITERAL_NULL_CONVERSION = YES;
				CLANG_WARN_OBJC_IMPLICIT_RETAIN_SELF = YES;
				CLANG_WARN_OBJC_LITERAL_CONVERSION = YES;
				CLANG_WARN_OBJC_ROOT_CLASS = YES_ERROR;
				CLANG_WARN_QUOTED_INCLUDE_IN_FRAMEWORK_HEADER = YES;
				CLANG_WARN_RANGE_LOOP_ANALYSIS = YES;
				CLANG_WARN_STRICT_PROTOTYPES = YES;
				CLANG_WARN_SUSPICIOUS_MOVE = YES;
				CLANG_WARN_UNGUARDED_AVAILABILITY = YES_AGGRESSIVE;
				CLANG_WARN_UNREACHABLE_CODE = YES;
				CLANG_WARN__DUPLICATE_METHOD_MATCH = YES;
				COPY_PHASE_STRIP = NO;
				DEBUG_INFORMATION_FORMAT = dwarf;
				ENABLE_STRICT_OBJC_MSGSEND = YES;
				ENABLE_TESTABILITY = YES;
				GCC_C_LANGUAGE_STANDARD = gnu11;
				GCC_DYNAMIC_NO_PIC = NO;
				GCC_NO_COMMON_BLOCKS = YES;
				GCC_OPTIMIZATION_LEVEL = 0;
				GCC_PREPROCESSOR_DEFINITIONS = (
					"DEBUG=1",
					"$(inherited)",
				);
				GCC_WARN_64_TO_32_BIT_CONVERSION = YES;
				GCC_WARN_ABOUT_RETURN_TYPE = YES_ERROR;
				GCC_WARN_UNDECLARED_SELECTOR = YES;
				GCC_WARN_UNINITIALIZED_AUTOS = YES_AGGRESSIVE;
				GCC_WARN_UNUSED_FUNCTION = YES;
				GCC_WARN_UNUSED_VARIABLE = YES;
				IPHONEOS_DEPLOYMENT_TARGET = 14.2;
				MTL_ENABLE_DEBUG_INFO = INCLUDE_SOURCE;
				MTL_FAST_MATH = YES;
				ONLY_ACTIVE_ARCH = YES;
				SDKROOT = iphoneos;
				SWIFT_ACTIVE_COMPILATION_CONDITIONS = DEBUG;
				SWIFT_OPTIMIZATION_LEVEL = "-Onone";
			};
			name = Debug;
		};
		7CC13F24254F0F5D00A49FFA /* Release */ = {
			isa = XCBuildConfiguration;
			buildSettings = {
				ALWAYS_SEARCH_USER_PATHS = NO;
				CLANG_ANALYZER_NONNULL = YES;
				CLANG_ANALYZER_NUMBER_OBJECT_CONVERSION = YES_AGGRESSIVE;
				CLANG_CXX_LANGUAGE_STANDARD = "gnu++14";
				CLANG_CXX_LIBRARY = "libc++";
				CLANG_ENABLE_MODULES = YES;
				CLANG_ENABLE_OBJC_ARC = YES;
				CLANG_ENABLE_OBJC_WEAK = YES;
				CLANG_WARN_BLOCK_CAPTURE_AUTORELEASING = YES;
				CLANG_WARN_BOOL_CONVERSION = YES;
				CLANG_WARN_COMMA = YES;
				CLANG_WARN_CONSTANT_CONVERSION = YES;
				CLANG_WARN_DEPRECATED_OBJC_IMPLEMENTATIONS = YES;
				CLANG_WARN_DIRECT_OBJC_ISA_USAGE = YES_ERROR;
				CLANG_WARN_DOCUMENTATION_COMMENTS = YES;
				CLANG_WARN_EMPTY_BODY = YES;
				CLANG_WARN_ENUM_CONVERSION = YES;
				CLANG_WARN_INFINITE_RECURSION = YES;
				CLANG_WARN_INT_CONVERSION = YES;
				CLANG_WARN_NON_LITERAL_NULL_CONVERSION = YES;
				CLANG_WARN_OBJC_IMPLICIT_RETAIN_SELF = YES;
				CLANG_WARN_OBJC_LITERAL_CONVERSION = YES;
				CLANG_WARN_OBJC_ROOT_CLASS = YES_ERROR;
				CLANG_WARN_QUOTED_INCLUDE_IN_FRAMEWORK_HEADER = YES;
				CLANG_WARN_RANGE_LOOP_ANALYSIS = YES;
				CLANG_WARN_STRICT_PROTOTYPES = YES;
				CLANG_WARN_SUSPICIOUS_MOVE = YES;
				CLANG_WARN_UNGUARDED_AVAILABILITY = YES_AGGRESSIVE;
				CLANG_WARN_UNREACHABLE_CODE = YES;
				CLANG_WARN__DUPLICATE_METHOD_MATCH = YES;
				COPY_PHASE_STRIP = NO;
				DEBUG_INFORMATION_FORMAT = "dwarf-with-dsym";
				ENABLE_NS_ASSERTIONS = NO;
				ENABLE_STRICT_OBJC_MSGSEND = YES;
				GCC_C_LANGUAGE_STANDARD = gnu11;
				GCC_NO_COMMON_BLOCKS = YES;
				GCC_WARN_64_TO_32_BIT_CONVERSION = YES;
				GCC_WARN_ABOUT_RETURN_TYPE = YES_ERROR;
				GCC_WARN_UNDECLARED_SELECTOR = YES;
				GCC_WARN_UNINITIALIZED_AUTOS = YES_AGGRESSIVE;
				GCC_WARN_UNUSED_FUNCTION = YES;
				GCC_WARN_UNUSED_VARIABLE = YES;
				IPHONEOS_DEPLOYMENT_TARGET = 14.2;
				MTL_ENABLE_DEBUG_INFO = NO;
				MTL_FAST_MATH = YES;
				SDKROOT = iphoneos;
				SWIFT_COMPILATION_MODE = wholemodule;
				SWIFT_OPTIMIZATION_LEVEL = "-O";
				VALIDATE_PRODUCT = YES;
			};
			name = Release;
		};
		7CC13F26254F0F5D00A49FFA /* Debug */ = {
			isa = XCBuildConfiguration;
			buildSettings = {
				ALWAYS_EMBED_SWIFT_STANDARD_LIBRARIES = YES;
				ASSETCATALOG_COMPILER_APPICON_NAME = AppIcon;
				ASSETCATALOG_COMPILER_GLOBAL_ACCENT_COLOR_NAME = AccentColor;
				CODE_SIGN_STYLE = Automatic;
				DEVELOPMENT_ASSET_PATHS = "\"DailyCovid/Preview Content\"";
				DEVELOPMENT_TEAM = 97346KBR2S;
				ENABLE_PREVIEWS = YES;
				INFOPLIST_FILE = DailyCovid/Info.plist;
				IPHONEOS_DEPLOYMENT_TARGET = 14.0;
				LD_RUNPATH_SEARCH_PATHS = (
					"$(inherited)",
					"@executable_path/Frameworks",
				);
				PRODUCT_BUNDLE_IDENTIFIER = com.suyashsrijan.DailyCovidApp;
				PRODUCT_NAME = "$(TARGET_NAME)";
				SWIFT_VERSION = 5.0;
				TARGETED_DEVICE_FAMILY = "1,2";
			};
			name = Debug;
		};
		7CC13F27254F0F5D00A49FFA /* Release */ = {
			isa = XCBuildConfiguration;
			buildSettings = {
				ALWAYS_EMBED_SWIFT_STANDARD_LIBRARIES = YES;
				ASSETCATALOG_COMPILER_APPICON_NAME = AppIcon;
				ASSETCATALOG_COMPILER_GLOBAL_ACCENT_COLOR_NAME = AccentColor;
				CODE_SIGN_STYLE = Automatic;
				DEVELOPMENT_ASSET_PATHS = "\"DailyCovid/Preview Content\"";
				DEVELOPMENT_TEAM = 97346KBR2S;
				ENABLE_PREVIEWS = YES;
				INFOPLIST_FILE = DailyCovid/Info.plist;
				IPHONEOS_DEPLOYMENT_TARGET = 14.0;
				LD_RUNPATH_SEARCH_PATHS = (
					"$(inherited)",
					"@executable_path/Frameworks",
				);
				PRODUCT_BUNDLE_IDENTIFIER = com.suyashsrijan.DailyCovidApp;
				PRODUCT_NAME = "$(TARGET_NAME)";
				SWIFT_VERSION = 5.0;
				TARGETED_DEVICE_FAMILY = "1,2";
			};
			name = Release;
		};
		7CC13F40254F103C00A49FFA /* Debug */ = {
			isa = XCBuildConfiguration;
			buildSettings = {
				ASSETCATALOG_COMPILER_GLOBAL_ACCENT_COLOR_NAME = AccentColor;
				ASSETCATALOG_COMPILER_WIDGET_BACKGROUND_COLOR_NAME = WidgetBackground;
				CODE_SIGN_STYLE = Automatic;
				DEVELOPMENT_TEAM = 97346KBR2S;
				INFOPLIST_FILE = Widget/Info.plist;
				IPHONEOS_DEPLOYMENT_TARGET = 14.0;
				LD_RUNPATH_SEARCH_PATHS = (
					"$(inherited)",
					"@executable_path/Frameworks",
					"@executable_path/../../Frameworks",
				);
				PRODUCT_BUNDLE_IDENTIFIER = com.suyashsrijan.DailyCovidApp.Widget;
				PRODUCT_NAME = "$(TARGET_NAME)";
				SKIP_INSTALL = YES;
				SWIFT_VERSION = 5.0;
				TARGETED_DEVICE_FAMILY = "1,2";
			};
			name = Debug;
		};
		7CC13F41254F103C00A49FFA /* Release */ = {
			isa = XCBuildConfiguration;
			buildSettings = {
				ASSETCATALOG_COMPILER_GLOBAL_ACCENT_COLOR_NAME = AccentColor;
				ASSETCATALOG_COMPILER_WIDGET_BACKGROUND_COLOR_NAME = WidgetBackground;
				CODE_SIGN_STYLE = Automatic;
				DEVELOPMENT_TEAM = 97346KBR2S;
				INFOPLIST_FILE = Widget/Info.plist;
				IPHONEOS_DEPLOYMENT_TARGET = 14.0;
				LD_RUNPATH_SEARCH_PATHS = (
					"$(inherited)",
					"@executable_path/Frameworks",
					"@executable_path/../../Frameworks",
				);
				PRODUCT_BUNDLE_IDENTIFIER = com.suyashsrijan.DailyCovidApp.Widget;
				PRODUCT_NAME = "$(TARGET_NAME)";
				SKIP_INSTALL = YES;
				SWIFT_VERSION = 5.0;
				TARGETED_DEVICE_FAMILY = "1,2";
			};
			name = Release;
		};
/* End XCBuildConfiguration section */

/* Begin XCConfigurationList section */
		7CC13F11254F0F5B00A49FFA /* Build configuration list for PBXProject "DailyCovid" */ = {
			isa = XCConfigurationList;
			buildConfigurations = (
				7CC13F23254F0F5D00A49FFA /* Debug */,
				7CC13F24254F0F5D00A49FFA /* Release */,
			);
			defaultConfigurationIsVisible = 0;
			defaultConfigurationName = Release;
		};
		7CC13F25254F0F5D00A49FFA /* Build configuration list for PBXNativeTarget "DailyCovid" */ = {
			isa = XCConfigurationList;
			buildConfigurations = (
				7CC13F26254F0F5D00A49FFA /* Debug */,
				7CC13F27254F0F5D00A49FFA /* Release */,
			);
			defaultConfigurationIsVisible = 0;
			defaultConfigurationName = Release;
		};
		7CC13F3F254F103C00A49FFA /* Build configuration list for PBXNativeTarget "WidgetExtension" */ = {
			isa = XCConfigurationList;
			buildConfigurations = (
				7CC13F40254F103C00A49FFA /* Debug */,
				7CC13F41254F103C00A49FFA /* Release */,
			);
			defaultConfigurationIsVisible = 0;
			defaultConfigurationName = Release;
		};
/* End XCConfigurationList section */

/* Begin XCRemoteSwiftPackageReference section */
		7CC13F4D254F29D600A49FFA /* XCRemoteSwiftPackageReference "swiftui-charts" */ = {
			isa = XCRemoteSwiftPackageReference;
			repositoryURL = "https://github.com/swift-extensions/swiftui-charts";
			requirement = {
				kind = upToNextMajorVersion;
				minimumVersion = 1.0.0;
			};
		};
/* End XCRemoteSwiftPackageReference section */

/* Begin XCSwiftPackageProductDependency section */
		7CC13F4E254F29D600A49FFA /* Charts */ = {
			isa = XCSwiftPackageProductDependency;
			package = 7CC13F4D254F29D600A49FFA /* XCRemoteSwiftPackageReference "swiftui-charts" */;
			productName = Charts;
		};
/* End XCSwiftPackageProductDependency section */
	};
	rootObject = 7CC13F0E254F0F5B00A49FFA /* Project object */;
}
